
Microsoft Visual Studio Solution File, Format Version 12.00
# Visual Studio Version 16
VisualStudioVersion = 16.0.30011.22
MinimumVisualStudioVersion = 10.0.40219.1
Project("{F184B08F-C81C-45F6-A57F-5ABD9991F28F}") = "Data_Monitoring_with_Melsec_Chart_MySQL-CYL", "Data_Monitoring_with_Melsec_Chart_MySQL-CYL\Data_Monitoring_with_Melsec_Chart_MySQL-CYL.vbproj", "{D1C96473-F880-4ECA-902A-8C32EE2C0200}"
EndProject
Global
	GlobalSection(SolutionConfigurationPlatforms) = preSolution
		Debug|Any CPU = Debug|Any CPU
		Release|Any CPU = Release|Any CPU
	EndGlobalSection
	GlobalSection(ProjectConfigurationPlatforms) = postSolution
		{D1C96473-F880-4ECA-902A-8C32EE2C0200}.Debug|Any CPU.ActiveCfg = Debug|Any CPU
		{D1C96473-F880-4ECA-902A-8C32EE2C0200}.Debug|Any CPU.Build.0 = Debug|Any CPU
		{D1C96473-F880-4ECA-902A-8C32EE2C0200}.Release|Any CPU.ActiveCfg = Release|Any CPU
		{D1C96473-F880-4ECA-902A-8C32EE2C0200}.Release|Any CPU.Build.0 = Release|Any CPU
	EndGlobalSection
	GlobalSection(SolutionProperties) = preSolution
		HideSolutionNode = FALSE
	EndGlobalSection
	GlobalSection(ExtensibilityGlobals) = postSolution
		SolutionGuid = {4DA6F541-C4DF-4E8D-A5B4-66152EE8D690}
	EndGlobalSection
EndGlobal
